
Microsoft Visual Studio Solution File, Format Version 12.00
# Visual Studio Version 16
VisualStudioVersion = 16.0.31424.327
MinimumVisualStudioVersion = 10.0.40219.1
Project("{FAE04EC0-301F-11D3-BF4B-00C04F79EFBC}") = "Excel", "Excel\Excel.csproj", "{9A68BEEF-16AD-4198-9670-879949A435A0}"
EndProject
Global
	GlobalSection(SolutionConfigurationPlatforms) = preSolution
		Debug|Any CPU = Debug|Any CPU
		Release|Any CPU = Release|Any CPU
	EndGlobalSection
	GlobalSection(ProjectConfigurationPlatforms) = postSolution
		{9A68BEEF-16AD-4198-9670-879949A435A0}.Debug|Any CPU.ActiveCfg = Debug|Any CPU
		{9A68BEEF-16AD-4198-9670-879949A435A0}.Debug|Any CPU.Build.0 = Debug|Any CPU
		{9A68BEEF-16AD-4198-9670-879949A435A0}.Release|Any CPU.ActiveCfg = Release|Any CPU
		{9A68BEEF-16AD-4198-9670-879949A435A0}.Release|Any CPU.Build.0 = Release|Any CPU
	EndGlobalSection
	GlobalSection(SolutionProperties) = preSolution
		HideSolutionNode = FALSE
	EndGlobalSection
	GlobalSection(ExtensibilityGlobals) = postSolution
		SolutionGuid = {B7D5EFA1-4ADA-4322-8E39-B85D77FD7E42}
	EndGlobalSection
EndGlobal
