
Microsoft Visual Studio Solution File, Format Version 12.00
# Visual Studio Version 16
VisualStudioVersion = 16.0.31424.327
MinimumVisualStudioVersion = 10.0.40219.1
Project("{FAE04EC0-301F-11D3-BF4B-00C04F79EFBC}") = "4gyak", "4gyak\4gyak.csproj", "{753900E8-221A-490E-8D93-29A7414B9E24}"
EndProject
Global
	GlobalSection(SolutionConfigurationPlatforms) = preSolution
		Debug|Any CPU = Debug|Any CPU
		Release|Any CPU = Release|Any CPU
	EndGlobalSection
	GlobalSection(ProjectConfigurationPlatforms) = postSolution
		{753900E8-221A-490E-8D93-29A7414B9E24}.Debug|Any CPU.ActiveCfg = Debug|Any CPU
		{753900E8-221A-490E-8D93-29A7414B9E24}.Debug|Any CPU.Build.0 = Debug|Any CPU
		{753900E8-221A-490E-8D93-29A7414B9E24}.Release|Any CPU.ActiveCfg = Release|Any CPU
		{753900E8-221A-490E-8D93-29A7414B9E24}.Release|Any CPU.Build.0 = Release|Any CPU
	EndGlobalSection
	GlobalSection(SolutionProperties) = preSolution
		HideSolutionNode = FALSE
	EndGlobalSection
	GlobalSection(ExtensibilityGlobals) = postSolution
		SolutionGuid = {00D5CFA7-B0E8-4E27-9CA9-B65339A9BECA}
	EndGlobalSection
EndGlobal
